
Microsoft Visual Studio Solution File, Format Version 12.00
# Visual Studio Version 17
VisualStudioVersion = 17.5.33530.505
MinimumVisualStudioVersion = 10.0.40219.1
Project("{FAE04EC0-301F-11D3-BF4B-00C04F79EFBC}") = "CS_projekt", "CS_projekt.csproj", "{56AC272D-8912-4D96-80F0-8D71F1E2E57A}"
EndProject
Global
	GlobalSection(SolutionConfigurationPlatforms) = preSolution
		Database|Any CPU = Database|Any CPU
		Debug|Any CPU = Debug|Any CPU
		Release|Any CPU = Release|Any CPU
	EndGlobalSection
	GlobalSection(ProjectConfigurationPlatforms) = postSolution
		{56AC272D-8912-4D96-80F0-8D71F1E2E57A}.Database|Any CPU.ActiveCfg = Database|Any CPU
		{56AC272D-8912-4D96-80F0-8D71F1E2E57A}.Database|Any CPU.Build.0 = Database|Any CPU
		{56AC272D-8912-4D96-80F0-8D71F1E2E57A}.Debug|Any CPU.ActiveCfg = Debug|Any CPU
		{56AC272D-8912-4D96-80F0-8D71F1E2E57A}.Debug|Any CPU.Build.0 = Debug|Any CPU
		{56AC272D-8912-4D96-80F0-8D71F1E2E57A}.Release|Any CPU.ActiveCfg = Release|Any CPU
		{56AC272D-8912-4D96-80F0-8D71F1E2E57A}.Release|Any CPU.Build.0 = Release|Any CPU
	EndGlobalSection
	GlobalSection(SolutionProperties) = preSolution
		HideSolutionNode = FALSE
	EndGlobalSection
	GlobalSection(ExtensibilityGlobals) = postSolution
		SolutionGuid = {FDA2BBA0-8E24-4AFF-B8CC-9C84316C9528}
	EndGlobalSection
EndGlobal
