
Microsoft Visual Studio Solution File, Format Version 12.00
# Visual Studio Version 17
VisualStudioVersion = 17.5.33530.505
MinimumVisualStudioVersion = 10.0.40219.1
Project("{FAE04EC0-301F-11D3-BF4B-00C04F79EFBC}") = "desktop_client", "desktop_client.csproj", "{00DAC65C-ED41-4AF8-8FA7-B5EC13D5B781}"
EndProject
Project("{9A19103F-16F7-4668-BE54-9A1E7A4F7556}") = "CS_projekt", "..\CS_projekt.csproj", "{8FC18167-F4DD-4C63-BC69-06420B4E162F}"
EndProject
Global
	GlobalSection(SolutionConfigurationPlatforms) = preSolution
		Database|Any CPU = Database|Any CPU
		Debug|Any CPU = Debug|Any CPU
		Release|Any CPU = Release|Any CPU
	EndGlobalSection
	GlobalSection(ProjectConfigurationPlatforms) = postSolution
		{00DAC65C-ED41-4AF8-8FA7-B5EC13D5B781}.Database|Any CPU.ActiveCfg = Debug|Any CPU
		{00DAC65C-ED41-4AF8-8FA7-B5EC13D5B781}.Database|Any CPU.Build.0 = Debug|Any CPU
		{00DAC65C-ED41-4AF8-8FA7-B5EC13D5B781}.Debug|Any CPU.ActiveCfg = Debug|Any CPU
		{00DAC65C-ED41-4AF8-8FA7-B5EC13D5B781}.Debug|Any CPU.Build.0 = Debug|Any CPU
		{00DAC65C-ED41-4AF8-8FA7-B5EC13D5B781}.Release|Any CPU.ActiveCfg = Release|Any CPU
		{00DAC65C-ED41-4AF8-8FA7-B5EC13D5B781}.Release|Any CPU.Build.0 = Release|Any CPU
		{8FC18167-F4DD-4C63-BC69-06420B4E162F}.Database|Any CPU.ActiveCfg = Database|Any CPU
		{8FC18167-F4DD-4C63-BC69-06420B4E162F}.Database|Any CPU.Build.0 = Database|Any CPU
		{8FC18167-F4DD-4C63-BC69-06420B4E162F}.Debug|Any CPU.ActiveCfg = Debug|Any CPU
		{8FC18167-F4DD-4C63-BC69-06420B4E162F}.Debug|Any CPU.Build.0 = Debug|Any CPU
		{8FC18167-F4DD-4C63-BC69-06420B4E162F}.Release|Any CPU.ActiveCfg = Release|Any CPU
		{8FC18167-F4DD-4C63-BC69-06420B4E162F}.Release|Any CPU.Build.0 = Release|Any CPU
	EndGlobalSection
	GlobalSection(SolutionProperties) = preSolution
		HideSolutionNode = FALSE
	EndGlobalSection
	GlobalSection(ExtensibilityGlobals) = postSolution
		SolutionGuid = {E995958B-5670-490D-B700-03C1DD76B6D1}
	EndGlobalSection
EndGlobal
